
Microsoft Visual Studio Solution File, Format Version 12.00
# Visual Studio 15
Project("{FAE04EC0-301F-11D3-BF4B-00C04F79EFBC}") = "Assembly-CSharp", "Assembly-CSharp.csproj", "{4D89124E-320D-AD19-05E0-1820CF405535}"
EndProject
Project("{FAE04EC0-301F-11D3-BF4B-00C04F79EFBC}") = "Assembly-CSharp-Editor", "Assembly-CSharp-Editor.csproj", "{B149F4D6-B73A-A1E5-657E-3D99B1855221}"
EndProject
Global
	GlobalSection(SolutionConfigurationPlatforms) = preSolution
		Debug|Any CPU = Debug|Any CPU
		Release|Any CPU = Release|Any CPU
	EndGlobalSection
	GlobalSection(ProjectConfigurationPlatforms) = postSolution
		{4D89124E-320D-AD19-05E0-1820CF405535}.Debug|Any CPU.ActiveCfg = Debug|Any CPU
		{4D89124E-320D-AD19-05E0-1820CF405535}.Debug|Any CPU.Build.0 = Debug|Any CPU
		{4D89124E-320D-AD19-05E0-1820CF405535}.Release|Any CPU.ActiveCfg = Release|Any CPU
		{4D89124E-320D-AD19-05E0-1820CF405535}.Release|Any CPU.Build.0 = Release|Any CPU
		{B149F4D6-B73A-A1E5-657E-3D99B1855221}.Debug|Any CPU.ActiveCfg = Debug|Any CPU
		{B149F4D6-B73A-A1E5-657E-3D99B1855221}.Debug|Any CPU.Build.0 = Debug|Any CPU
		{B149F4D6-B73A-A1E5-657E-3D99B1855221}.Release|Any CPU.ActiveCfg = Release|Any CPU
		{B149F4D6-B73A-A1E5-657E-3D99B1855221}.Release|Any CPU.Build.0 = Release|Any CPU
	EndGlobalSection
	GlobalSection(SolutionProperties) = preSolution
		HideSolutionNode = FALSE
	EndGlobalSection
EndGlobal
